
Microsoft Visual Studio Solution File, Format Version 12.00
# Visual Studio Version 16
VisualStudioVersion = 16.0.30413.136
MinimumVisualStudioVersion = 10.0.40219.1
Project("{FAE04EC0-301F-11D3-BF4B-00C04F79EFBC}") = "ProjetQuinto", "ProjetQuinto\ProjetQuinto.csproj", "{493149C2-646C-478C-B2BD-6588F65D2CFC}"
EndProject
Project("{FAE04EC0-301F-11D3-BF4B-00C04F79EFBC}") = "TestConsole", "TestConsole\TestConsole.csproj", "{9D192BFF-4EE5-477C-80B6-796A1FE205E3}"
EndProject
Global
	GlobalSection(SolutionConfigurationPlatforms) = preSolution
		Debug|Any CPU = Debug|Any CPU
		Release|Any CPU = Release|Any CPU
	EndGlobalSection
	GlobalSection(ProjectConfigurationPlatforms) = postSolution
		{493149C2-646C-478C-B2BD-6588F65D2CFC}.Debug|Any CPU.ActiveCfg = Debug|Any CPU
		{493149C2-646C-478C-B2BD-6588F65D2CFC}.Debug|Any CPU.Build.0 = Debug|Any CPU
		{493149C2-646C-478C-B2BD-6588F65D2CFC}.Release|Any CPU.ActiveCfg = Release|Any CPU
		{493149C2-646C-478C-B2BD-6588F65D2CFC}.Release|Any CPU.Build.0 = Release|Any CPU
		{9D192BFF-4EE5-477C-80B6-796A1FE205E3}.Debug|Any CPU.ActiveCfg = Debug|Any CPU
		{9D192BFF-4EE5-477C-80B6-796A1FE205E3}.Debug|Any CPU.Build.0 = Debug|Any CPU
		{9D192BFF-4EE5-477C-80B6-796A1FE205E3}.Release|Any CPU.ActiveCfg = Release|Any CPU
		{9D192BFF-4EE5-477C-80B6-796A1FE205E3}.Release|Any CPU.Build.0 = Release|Any CPU
	EndGlobalSection
	GlobalSection(SolutionProperties) = preSolution
		HideSolutionNode = FALSE
	EndGlobalSection
	GlobalSection(ExtensibilityGlobals) = postSolution
		SolutionGuid = {C0954C9D-5BCF-4890-930A-AA02D9472D28}
	EndGlobalSection
EndGlobal
